
Microsoft Visual Studio Solution File, Format Version 12.00
# Visual Studio Version 17
VisualStudioVersion = 17.9.34622.214
MinimumVisualStudioVersion = 10.0.40219.1
Project("{888888A0-9F3D-457C-B088-3A5042F75D52}") = "sort_names", "sort_names\sort_names.pyproj", "{8C7F8427-3C09-4554-952E-009FB7908E92}"
EndProject
Global
	GlobalSection(SolutionConfigurationPlatforms) = preSolution
		Debug|Any CPU = Debug|Any CPU
		Release|Any CPU = Release|Any CPU
	EndGlobalSection
	GlobalSection(ProjectConfigurationPlatforms) = postSolution
		{8C7F8427-3C09-4554-952E-009FB7908E92}.Debug|Any CPU.ActiveCfg = Debug|Any CPU
		{8C7F8427-3C09-4554-952E-009FB7908E92}.Release|Any CPU.ActiveCfg = Release|Any CPU
	EndGlobalSection
	GlobalSection(SolutionProperties) = preSolution
		HideSolutionNode = FALSE
	EndGlobalSection
	GlobalSection(ExtensibilityGlobals) = postSolution
		SolutionGuid = {0BA73A7F-EF1C-434C-A7F1-C70685C293CB}
	EndGlobalSection
EndGlobal
